
Microsoft Visual Studio Solution File, Format Version 12.00
# Visual Studio Version 16
VisualStudioVersion = 16.0.30907.101
MinimumVisualStudioVersion = 10.0.40219.1
Project("{9A19103F-16F7-4668-BE54-9A1E7A4F7556}") = "Task_1", "Task_1\Task_1.csproj", "{80CCE64F-55F8-4156-A86E-8B15A56CBC68}"
EndProject
Project("{FAE04EC0-301F-11D3-BF4B-00C04F79EFBC}") = "Task_2", "Task_2\Task_2.csproj", "{F9C16C7A-B316-48FE-BDA3-4660629C490A}"
EndProject
Global
	GlobalSection(SolutionConfigurationPlatforms) = preSolution
		Debug|Any CPU = Debug|Any CPU
		Release|Any CPU = Release|Any CPU
	EndGlobalSection
	GlobalSection(ProjectConfigurationPlatforms) = postSolution
		{80CCE64F-55F8-4156-A86E-8B15A56CBC68}.Debug|Any CPU.ActiveCfg = Debug|Any CPU
		{80CCE64F-55F8-4156-A86E-8B15A56CBC68}.Debug|Any CPU.Build.0 = Debug|Any CPU
		{80CCE64F-55F8-4156-A86E-8B15A56CBC68}.Release|Any CPU.ActiveCfg = Release|Any CPU
		{80CCE64F-55F8-4156-A86E-8B15A56CBC68}.Release|Any CPU.Build.0 = Release|Any CPU
		{F9C16C7A-B316-48FE-BDA3-4660629C490A}.Debug|Any CPU.ActiveCfg = Debug|Any CPU
		{F9C16C7A-B316-48FE-BDA3-4660629C490A}.Debug|Any CPU.Build.0 = Debug|Any CPU
		{F9C16C7A-B316-48FE-BDA3-4660629C490A}.Release|Any CPU.ActiveCfg = Release|Any CPU
		{F9C16C7A-B316-48FE-BDA3-4660629C490A}.Release|Any CPU.Build.0 = Release|Any CPU
	EndGlobalSection
	GlobalSection(SolutionProperties) = preSolution
		HideSolutionNode = FALSE
	EndGlobalSection
	GlobalSection(ExtensibilityGlobals) = postSolution
		SolutionGuid = {96AEFAF7-0858-4129-B7F5-A59619A7D8A1}
	EndGlobalSection
EndGlobal
